
Microsoft Visual Studio Solution File, Format Version 12.00
# Visual Studio Version 17
VisualStudioVersion = 17.6.33712.159
MinimumVisualStudioVersion = 10.0.40219.1
Project("{9A19103F-16F7-4668-BE54-9A1E7A4F7556}") = "MeetupAPI", "MeetupAPI\MeetupAPI.csproj", "{DB9BEDB7-098A-46B2-A287-EDF259AF4AB4}"
EndProject
Project("{9A19103F-16F7-4668-BE54-9A1E7A4F7556}") = "Meetup.ApplicationCore", "Meetup.ApplicationCore\Meetup.ApplicationCore.csproj", "{E4FB6A91-8FE3-4408-8DB0-22BA4D9AD363}"
EndProject
Project("{9A19103F-16F7-4668-BE54-9A1E7A4F7556}") = "Meetup.Infrastructure", "Meetup.Infrastructure\Meetup.Infrastructure.csproj", "{C9C52767-E181-415A-BDBB-B4D696158EC7}"
EndProject
Project("{9A19103F-16F7-4668-BE54-9A1E7A4F7556}") = "IdentityServerAPI", "IdentityServerAPI\IdentityServerAPI.csproj", "{05B5EED5-C6F8-4D61-9EF2-5904D95F6982}"
EndProject
Project("{9A19103F-16F7-4668-BE54-9A1E7A4F7556}") = "RabbitMQ", "RabbitMQ\RabbitMQ.csproj", "{85C73932-4349-4079-90C0-C4107098EEA8}"
EndProject
Project("{FAE04EC0-301F-11D3-BF4B-00C04F79EFBC}") = "MeetupAPI.Tests", "MeetupAPI.Tests\MeetupAPI.Tests.csproj", "{AD87F502-D33D-448D-BF27-8EDB235FCCB4}"
EndProject
Global
	GlobalSection(SolutionConfigurationPlatforms) = preSolution
		Debug|Any CPU = Debug|Any CPU
		Release|Any CPU = Release|Any CPU
	EndGlobalSection
	GlobalSection(ProjectConfigurationPlatforms) = postSolution
		{DB9BEDB7-098A-46B2-A287-EDF259AF4AB4}.Debug|Any CPU.ActiveCfg = Debug|Any CPU
		{DB9BEDB7-098A-46B2-A287-EDF259AF4AB4}.Debug|Any CPU.Build.0 = Debug|Any CPU
		{DB9BEDB7-098A-46B2-A287-EDF259AF4AB4}.Release|Any CPU.ActiveCfg = Release|Any CPU
		{DB9BEDB7-098A-46B2-A287-EDF259AF4AB4}.Release|Any CPU.Build.0 = Release|Any CPU
		{E4FB6A91-8FE3-4408-8DB0-22BA4D9AD363}.Debug|Any CPU.ActiveCfg = Debug|Any CPU
		{E4FB6A91-8FE3-4408-8DB0-22BA4D9AD363}.Debug|Any CPU.Build.0 = Debug|Any CPU
		{E4FB6A91-8FE3-4408-8DB0-22BA4D9AD363}.Release|Any CPU.ActiveCfg = Release|Any CPU
		{E4FB6A91-8FE3-4408-8DB0-22BA4D9AD363}.Release|Any CPU.Build.0 = Release|Any CPU
		{C9C52767-E181-415A-BDBB-B4D696158EC7}.Debug|Any CPU.ActiveCfg = Debug|Any CPU
		{C9C52767-E181-415A-BDBB-B4D696158EC7}.Debug|Any CPU.Build.0 = Debug|Any CPU
		{C9C52767-E181-415A-BDBB-B4D696158EC7}.Release|Any CPU.ActiveCfg = Release|Any CPU
		{C9C52767-E181-415A-BDBB-B4D696158EC7}.Release|Any CPU.Build.0 = Release|Any CPU
		{05B5EED5-C6F8-4D61-9EF2-5904D95F6982}.Debug|Any CPU.ActiveCfg = Debug|Any CPU
		{05B5EED5-C6F8-4D61-9EF2-5904D95F6982}.Debug|Any CPU.Build.0 = Debug|Any CPU
		{05B5EED5-C6F8-4D61-9EF2-5904D95F6982}.Release|Any CPU.ActiveCfg = Release|Any CPU
		{05B5EED5-C6F8-4D61-9EF2-5904D95F6982}.Release|Any CPU.Build.0 = Release|Any CPU
		{85C73932-4349-4079-90C0-C4107098EEA8}.Debug|Any CPU.ActiveCfg = Debug|Any CPU
		{85C73932-4349-4079-90C0-C4107098EEA8}.Debug|Any CPU.Build.0 = Debug|Any CPU
		{85C73932-4349-4079-90C0-C4107098EEA8}.Release|Any CPU.ActiveCfg = Release|Any CPU
		{85C73932-4349-4079-90C0-C4107098EEA8}.Release|Any CPU.Build.0 = Release|Any CPU
		{AD87F502-D33D-448D-BF27-8EDB235FCCB4}.Debug|Any CPU.ActiveCfg = Debug|Any CPU
		{AD87F502-D33D-448D-BF27-8EDB235FCCB4}.Debug|Any CPU.Build.0 = Debug|Any CPU
		{AD87F502-D33D-448D-BF27-8EDB235FCCB4}.Release|Any CPU.ActiveCfg = Release|Any CPU
		{AD87F502-D33D-448D-BF27-8EDB235FCCB4}.Release|Any CPU.Build.0 = Release|Any CPU
	EndGlobalSection
	GlobalSection(SolutionProperties) = preSolution
		HideSolutionNode = FALSE
	EndGlobalSection
	GlobalSection(ExtensibilityGlobals) = postSolution
		SolutionGuid = {A9BF93CD-5794-4D6E-86D9-EF6BFDED4DC7}
	EndGlobalSection
EndGlobal
